// !$*UTF8*$!
{
	archiveVersion = 1;
	classes = {
	};
	objectVersion = 46;
	objects = {

/* Begin PBXBuildFile section */
		C4FA7F961AB7360D00527A7C /* main.m in Sources */ = {isa = PBXBuildFile; fileRef = C4FA7F951AB7360D00527A7C /* main.m */; };
		C4FA7F991AB7360D00527A7C /* AppDelegate.m in Sources */ = {isa = PBXBuildFile; fileRef = C4FA7F981AB7360D00527A7C /* AppDelegate.m */; };
		C4FA7F9C1AB7360E00527A7C /* ViewController.m in Sources */ = {isa = PBXBuildFile; fileRef = C4FA7F9B1AB7360E00527A7C /* ViewController.m */; };
		C4FA7F9F1AB7360E00527A7C /* Main.storyboard in Resources */ = {isa = PBXBuildFile; fileRef = C4FA7F9D1AB7360E00527A7C /* Main.storyboard */; };
		C4FA7FA11AB7360E00527A7C /* Images.xcassets in Resources */ = {isa = PBXBuildFile; fileRef = C4FA7FA01AB7360E00527A7C /* Images.xcassets */; };
		C4FA7FA41AB7360E00527A7C /* LaunchScreen.xib in Resources */ = {isa = PBXBuildFile; fileRef = C4FA7FA21AB7360E00527A7C /* LaunchScreen.xib */; };
		C4FA7FB01AB7360E00527A7C /* RainbowTableTests.m in Sources */ = {isa = PBXBuildFile; fileRef = C4FA7FAF1AB7360E00527A7C /* RainbowTableTests.m */; };
/* End PBXBuildFile section */

/* Begin PBXContainerItemProxy section */
		C4FA7FAA1AB7360E00527A7C /* PBXContainerItemProxy */ = {
			isa = PBXContainerItemProxy;
			containerPortal = C4FA7F881AB7360D00527A7C /* Project object */;
			proxyType = 1;
			remoteGlobalIDString = C4FA7F8F1AB7360D00527A7C;
			remoteInfo = RainbowTable;
		};
/* End PBXContainerItemProxy section */

/* Begin PBXFileReference section */
		C4FA7F901AB7360D00527A7C /* RainbowTable.app */ = {isa = PBXFileReference; explicitFileType = wrapper.application; includeInIndex = 0; path = RainbowTable.app; sourceTree = BUILT_PRODUCTS_DIR; };
		C4FA7F941AB7360D00527A7C /* Info.plist */ = {isa = PBXFileReference; lastKnownFileType = text.plist.xml; path = Info.plist; sourceTree = "<group>"; };
		C4FA7F951AB7360D00527A7C /* main.m */ = {isa = PBXFileReference; lastKnownFileType = sourcecode.c.objc; path = main.m; sourceTree = "<group>"; };
		C4FA7F971AB7360D00527A7C /* AppDelegate.h */ = {isa = PBXFileReference; lastKnownFileType = sourcecode.c.h; path = AppDelegate.h; sourceTree = "<group>"; };
		C4FA7F981AB7360D00527A7C /* AppDelegate.m */ = {isa = PBXFileReference; lastKnownFileType = sourcecode.c.objc; path = AppDelegate.m; sourceTree = "<group>"; };
		C4FA7F9A1AB7360D00527A7C /* ViewController.h */ = {isa = PBXFileReference; lastKnownFileType = sourcecode.c.h; path = ViewController.h; sourceTree = "<group>"; };
		C4FA7F9B1AB7360E00527A7C /* ViewController.m */ = {isa = PBXFileReference; lastKnownFileType = sourcecode.c.objc; path = ViewController.m; sourceTree = "<group>"; };
		C4FA7F9E1AB7360E00527A7C /* Base */ = {isa = PBXFileReference; lastKnownFileType = file.storyboard; name = Base; path = Base.lproj/Main.storyboard; sourceTree = "<group>"; };
		C4FA7FA01AB7360E00527A7C /* Images.xcassets */ = {isa = PBXFileReference; lastKnownFileType = folder.assetcatalog; path = Images.xcassets; sourceTree = "<group>"; };
		C4FA7FA31AB7360E00527A7C /* Base */ = {isa = PBXFileReference; lastKnownFileType = file.xib; name = Base; path = Base.lproj/LaunchScreen.xib; sourceTree = "<group>"; };
		C4FA7FA91AB7360E00527A7C /* RainbowTableTests.xctest */ = {isa = PBXFileReference; explicitFileType = wrapper.cfbundle; includeInIndex = 0; path = RainbowTableTests.xctest; sourceTree = BUILT_PRODUCTS_DIR; };
		C4FA7FAE1AB7360E00527A7C /* Info.plist */ = {isa = PBXFileReference; lastKnownFileType = text.plist.xml; path = Info.plist; sourceTree = "<group>"; };
		C4FA7FAF1AB7360E00527A7C /* RainbowTableTests.m */ = {isa = PBXFileReference; lastKnownFileType = sourcecode.c.objc; path = RainbowTableTests.m; sourceTree = "<group>"; };
/* End PBXFileReference section */

/* Begin PBXFrameworksBuildPhase section */
		C4FA7F8D1AB7360D00527A7C /* Frameworks */ = {
			isa = PBXFrameworksBuildPhase;
			buildActionMask = 2147483647;
			files = (
			);
			runOnlyForDeploymentPostprocessing = 0;
		};
		C4FA7FA61AB7360E00527A7C /* Frameworks */ = {
			isa = PBXFrameworksBuildPhase;
			buildActionMask = 2147483647;
			files = (
			);
			runOnlyForDeploymentPostprocessing = 0;
		};
/* End PBXFrameworksBuildPhase section */

/* Begin PBXGroup section */
		C4FA7F871AB7360D00527A7C = {
			isa = PBXGroup;
			children = (
				C4FA7F921AB7360D00527A7C /* RainbowTable */,
				C4FA7FAC1AB7360E00527A7C /* RainbowTableTests */,
				C4FA7F911AB7360D00527A7C /* Products */,
			);
			sourceTree = "<group>";
		};
		C4FA7F911AB7360D00527A7C /* Products */ = {
			isa = PBXGroup;
			children = (
				C4FA7F901AB7360D00527A7C /* RainbowTable.app */,
				C4FA7FA91AB7360E00527A7C /* RainbowTableTests.xctest */,
			);
			name = Products;
			sourceTree = "<group>";
		};
		C4FA7F921AB7360D00527A7C /* RainbowTable */ = {
			isa = PBXGroup;
			children = (
				C4FA7F971AB7360D00527A7C /* AppDelegate.h */,
				C4FA7F981AB7360D00527A7C /* AppDelegate.m */,
				C4FA7F9A1AB7360D00527A7C /* ViewController.h */,
				C4FA7F9B1AB7360E00527A7C /* ViewController.m */,
				C4FA7F9D1AB7360E00527A7C /* Main.storyboard */,
				C4FA7FA01AB7360E00527A7C /* Images.xcassets */,
				C4FA7FA21AB7360E00527A7C /* LaunchScreen.xib */,
				C4FA7F931AB7360D00527A7C /* Supporting Files */,
			);
			path = RainbowTable;
			sourceTree = "<group>";
		};
		C4FA7F931AB7360D00527A7C /* Supporting Files */ = {
			isa = PBXGroup;
			children = (
				C4FA7F941AB7360D00527A7C /* Info.plist */,
				C4FA7F951AB7360D00527A7C /* main.m */,
			);
			name = "Supporting Files";
			sourceTree = "<group>";
		};
		C4FA7FAC1AB7360E00527A7C /* RainbowTableTests */ = {
			isa = PBXGroup;
			children = (
				C4FA7FAF1AB7360E00527A7C /* RainbowTableTests.m */,
				C4FA7FAD1AB7360E00527A7C /* Supporting Files */,
			);
			path = RainbowTableTests;
			sourceTree = "<group>";
		};
		C4FA7FAD1AB7360E00527A7C /* Supporting Files */ = {
			isa = PBXGroup;
			children = (
				C4FA7FAE1AB7360E00527A7C /* Info.plist */,
			);
			name = "Supporting Files";
			sourceTree = "<group>";
		};
/* End PBXGroup section */

/* Begin PBXNativeTarget section */
		C4FA7F8F1AB7360D00527A7C /* RainbowTable */ = {
			isa = PBXNativeTarget;
			buildConfigurationList = C4FA7FB31AB7360E00527A7C /* Build configuration list for PBXNativeTarget "RainbowTable" */;
			buildPhases = (
				C4FA7F8C1AB7360D00527A7C /* Sources */,
				C4FA7F8D1AB7360D00527A7C /* Frameworks */,
				C4FA7F8E1AB7360D00527A7C /* Resources */,
			);
			buildRules = (
			);
			dependencies = (
			);
			name = RainbowTable;
			productName = RainbowTable;
			productReference = C4FA7F901AB7360D00527A7C /* RainbowTable.app */;
			productType = "com.apple.product-type.application";
		};
		C4FA7FA81AB7360E00527A7C /* RainbowTableTests */ = {
			isa = PBXNativeTarget;
			buildConfigurationList = C4FA7FB61AB7360E00527A7C /* Build configuration list for PBXNativeTarget "RainbowTableTests" */;
			buildPhases = (
				C4FA7FA51AB7360E00527A7C /* Sources */,
				C4FA7FA61AB7360E00527A7C /* Frameworks */,
				C4FA7FA71AB7360E00527A7C /* Resources */,
			);
			buildRules = (
			);
			dependencies = (
				C4FA7FAB1AB7360E00527A7C /* PBXTargetDependency */,
			);
			name = RainbowTableTests;
			productName = RainbowTableTests;
			productReference = C4FA7FA91AB7360E00527A7C /* RainbowTableTests.xctest */;
			productType = "com.apple.product-type.bundle.unit-test";
		};
/* End PBXNativeTarget section */

/* Begin PBXProject section */
		C4FA7F881AB7360D00527A7C /* Project object */ = {
			isa = PBXProject;
			attributes = {
				LastUpgradeCheck = 0620;
				ORGANIZATIONNAME = "Matt Larkin";
				TargetAttributes = {
					C4FA7F8F1AB7360D00527A7C = {
						CreatedOnToolsVersion = 6.2;
					};
					C4FA7FA81AB7360E00527A7C = {
						CreatedOnToolsVersion = 6.2;
						TestTargetID = C4FA7F8F1AB7360D00527A7C;
					};
				};
			};
			buildConfigurationList = C4FA7F8B1AB7360D00527A7C /* Build configuration list for PBXProject "RainbowTable" */;
			compatibilityVersion = "Xcode 3.2";
			developmentRegion = English;
			hasScannedForEncodings = 0;
			knownRegions = (
				en,
				Base,
			);
			mainGroup = C4FA7F871AB7360D00527A7C;
			productRefGroup = C4FA7F911AB7360D00527A7C /* Products */;
			projectDirPath = "";
			projectRoot = "";
			targets = (
				C4FA7F8F1AB7360D00527A7C /* RainbowTable */,
				C4FA7FA81AB7360E00527A7C /* RainbowTableTests */,
			);
		};
/* End PBXProject section */

/* Begin PBXResourcesBuildPhase section */
		C4FA7F8E1AB7360D00527A7C /* Resources */ = {
			isa = PBXResourcesBuildPhase;
			buildActionMask = 2147483647;
			files = (
				C4FA7F9F1AB7360E00527A7C /* Main.storyboard in Resources */,
				C4FA7FA41AB7360E00527A7C /* LaunchScreen.xib in Resources */,
				C4FA7FA11AB7360E00527A7C /* Images.xcassets in Resources */,
			);
			runOnlyForDeploymentPostprocessing = 0;
		};
		C4FA7FA71AB7360E00527A7C /* Resources */ = {
			isa = PBXResourcesBuildPhase;
			buildActionMask = 2147483647;
			files = (
			);
			runOnlyForDeploymentPostprocessing = 0;
		};
/* End PBXResourcesBuildPhase section */

/* Begin PBXSourcesBuildPhase section */
		C4FA7F8C1AB7360D00527A7C /* Sources */ = {
			isa = PBXSourcesBuildPhase;
			buildActionMask = 2147483647;
			files = (
				C4FA7F9C1AB7360E00527A7C /* ViewController.m in Sources */,
				C4FA7F991AB7360D00527A7C /* AppDelegate.m in Sources */,
				C4FA7F961AB7360D00527A7C /* main.m in Sources */,
			);
			runOnlyForDeploymentPostprocessing = 0;
		};
		C4FA7FA51AB7360E00527A7C /* Sources */ = {
			isa = PBXSourcesBuildPhase;
			buildActionMask = 2147483647;
			files = (
				C4FA7FB01AB7360E00527A7C /* RainbowTableTests.m in Sources */,
			);
			runOnlyForDeploymentPostprocessing = 0;
		};
/* End PBXSourcesBuildPhase section */

/* Begin PBXTargetDependency section */
		C4FA7FAB1AB7360E00527A7C /* PBXTargetDependency */ = {
			isa = PBXTargetDependency;
			target = C4FA7F8F1AB7360D00527A7C /* RainbowTable */;
			targetProxy = C4FA7FAA1AB7360E00527A7C /* PBXContainerItemProxy */;
		};
/* End PBXTargetDependency section */

/* Begin PBXVariantGroup section */
		C4FA7F9D1AB7360E00527A7C /* Main.storyboard */ = {
			isa = PBXVariantGroup;
			children = (
				C4FA7F9E1AB7360E00527A7C /* Base */,
			);
			name = Main.storyboard;
			sourceTree = "<group>";
		};
		C4FA7FA21AB7360E00527A7C /* LaunchScreen.xib */ = {
			isa = PBXVariantGroup;
			children = (
				C4FA7FA31AB7360E00527A7C /* Base */,
			);
			name = LaunchScreen.xib;
			sourceTree = "<group>";
		};
/* End PBXVariantGroup section */

/* Begin XCBuildConfiguration section */
		C4FA7FB11AB7360E00527A7C /* Debug */ = {
			isa = XCBuildConfiguration;
			buildSettings = {
				ALWAYS_SEARCH_USER_PATHS = NO;
				CLANG_CXX_LANGUAGE_STANDARD = "gnu++0x";
				CLANG_CXX_LIBRARY = "libc++";
				CLANG_ENABLE_MODULES = YES;
				CLANG_ENABLE_OBJC_ARC = YES;
				CLANG_WARN_BOOL_CONVERSION = YES;
				CLANG_WARN_CONSTANT_CONVERSION = YES;
				CLANG_WARN_DIRECT_OBJC_ISA_USAGE = YES_ERROR;
				CLANG_WARN_EMPTY_BODY = YES;
				CLANG_WARN_ENUM_CONVERSION = YES;
				CLANG_WARN_INT_CONVERSION = YES;
				CLANG_WARN_OBJC_ROOT_CLASS = YES_ERROR;
				CLANG_WARN_UNREACHABLE_CODE = YES;
				CLANG_WARN__DUPLICATE_METHOD_MATCH = YES;
				"CODE_SIGN_IDENTITY[sdk=iphoneos*]" = "iPhone Developer";
				COPY_PHASE_STRIP = NO;
				ENABLE_STRICT_OBJC_MSGSEND = YES;
				GCC_C_LANGUAGE_STANDARD = gnu99;
				GCC_DYNAMIC_NO_PIC = NO;
				GCC_OPTIMIZATION_LEVEL = 0;
				GCC_PREPROCESSOR_DEFINITIONS = (
					"DEBUG=1",
					"$(inherited)",
				);
				GCC_SYMBOLS_PRIVATE_EXTERN = NO;
				GCC_WARN_64_TO_32_BIT_CONVERSION = YES;
				GCC_WARN_ABOUT_RETURN_TYPE = YES_ERROR;
				GCC_WARN_UNDECLARED_SELECTOR = YES;
				GCC_WARN_UNINITIALIZED_AUTOS = YES_AGGRESSIVE;
				GCC_WARN_UNUSED_FUNCTION = YES;
				GCC_WARN_UNUSED_VARIABLE = YES;
				IPHONEOS_DEPLOYMENT_TARGET = 8.2;
				MTL_ENABLE_DEBUG_INFO = YES;
				ONLY_ACTIVE_ARCH = YES;
				SDKROOT = iphoneos;
			};
			name = Debug;
		};
		C4FA7FB21AB7360E00527A7C /* Release */ = {
			isa = XCBuildConfiguration;
			buildSettings = {
				ALWAYS_SEARCH_USER_PATHS = NO;
				CLANG_CXX_LANGUAGE_STANDARD = "gnu++0x";
				CLANG_CXX_LIBRARY = "libc++";
				CLANG_ENABLE_MODULES = YES;
				CLANG_ENABLE_OBJC_ARC = YES;
				CLANG_WARN_BOOL_CONVERSION = YES;
				CLANG_WARN_CONSTANT_CONVERSION = YES;
				CLANG_WARN_DIRECT_OBJC_ISA_USAGE = YES_ERROR;
				CLANG_WARN_EMPTY_BODY = YES;
				CLANG_WARN_ENUM_CONVERSION = YES;
				CLANG_WARN_INT_CONVERSION = YES;
				CLANG_WARN_OBJC_ROOT_CLASS = YES_ERROR;
				CLANG_WARN_UNREACHABLE_CODE = YES;
				CLANG_WARN__DUPLICATE_METHOD_MATCH = YES;
				"CODE_SIGN_IDENTITY[sdk=iphoneos*]" = "iPhone Developer";
				COPY_PHASE_STRIP = NO;
				ENABLE_NS_ASSERTIONS = NO;
				ENABLE_STRICT_OBJC_MSGSEND = YES;
				GCC_C_LANGUAGE_STANDARD = gnu99;
				GCC_WARN_64_TO_32_BIT_CONVERSION = YES;
				GCC_WARN_ABOUT_RETURN_TYPE = YES_ERROR;
				GCC_WARN_UNDECLARED_SELECTOR = YES;
				GCC_WARN_UNINITIALIZED_AUTOS = YES_AGGRESSIVE;
				GCC_WARN_UNUSED_FUNCTION = YES;
				GCC_WARN_UNUSED_VARIABLE = YES;
				IPHONEOS_DEPLOYMENT_TARGET = 8.2;
				MTL_ENABLE_DEBUG_INFO = NO;
				SDKROOT = iphoneos;
				VALIDATE_PRODUCT = YES;
			};
			name = Release;
		};
		C4FA7FB41AB7360E00527A7C /* Debug */ = {
			isa = XCBuildConfiguration;
			buildSettings = {
				ASSETCATALOG_COMPILER_APPICON_NAME = AppIcon;
				INFOPLIST_FILE = RainbowTable/Info.plist;
				LD_RUNPATH_SEARCH_PATHS = "$(inherited) @executable_path/Frameworks";
				PRODUCT_NAME = "$(TARGET_NAME)";
			};
			name = Debug;
		};
		C4FA7FB51AB7360E00527A7C /* Release */ = {
			isa = XCBuildConfiguration;
			buildSettings = {
				ASSETCATALOG_COMPILER_APPICON_NAME = AppIcon;
				INFOPLIST_FILE = RainbowTable/Info.plist;
				LD_RUNPATH_SEARCH_PATHS = "$(inherited) @executable_path/Frameworks";
				PRODUCT_NAME = "$(TARGET_NAME)";
			};
			name = Release;
		};
		C4FA7FB71AB7360E00527A7C /* Debug */ = {
			isa = XCBuildConfiguration;
			buildSettings = {
				BUNDLE_LOADER = "$(TEST_HOST)";
				FRAMEWORK_SEARCH_PATHS = (
					"$(SDKROOT)/Developer/Library/Frameworks",
					"$(inherited)",
				);
				GCC_PREPROCESSOR_DEFINITIONS = (
					"DEBUG=1",
					"$(inherited)",
				);
				INFOPLIST_FILE = RainbowTableTests/Info.plist;
				LD_RUNPATH_SEARCH_PATHS = "$(inherited) @executable_path/Frameworks @loader_path/Frameworks";
				PRODUCT_NAME = "$(TARGET_NAME)";
				TEST_HOST = "$(BUILT_PRODUCTS_DIR)/RainbowTable.app/RainbowTable";
			};
			name = Debug;
		};
		C4FA7FB81AB7360E00527A7C /* Release */ = {
			isa = XCBuildConfiguration;
			buildSettings = {
				BUNDLE_LOADER = "$(TEST_HOST)";
				FRAMEWORK_SEARCH_PATHS = (
					"$(SDKROOT)/Developer/Library/Frameworks",
					"$(inherited)",
				);
				INFOPLIST_FILE = RainbowTableTests/Info.plist;
				LD_RUNPATH_SEARCH_PATHS = "$(inherited) @executable_path/Frameworks @loader_path/Frameworks";
				PRODUCT_NAME = "$(TARGET_NAME)";
				TEST_HOST = "$(BUILT_PRODUCTS_DIR)/RainbowTable.app/RainbowTable";
			};
			name = Release;
		};
/* End XCBuildConfiguration section */

/* Begin XCConfigurationList section */
		C4FA7F8B1AB7360D00527A7C /* Build configuration list for PBXProject "RainbowTable" */ = {
			isa = XCConfigurationList;
			buildConfigurations = (
				C4FA7FB11AB7360E00527A7C /* Debug */,
				C4FA7FB21AB7360E00527A7C /* Release */,
			);
			defaultConfigurationIsVisible = 0;
			defaultConfigurationName = Release;
		};
		C4FA7FB31AB7360E00527A7C /* Build configuration list for PBXNativeTarget "RainbowTable" */ = {
			isa = XCConfigurationList;
			buildConfigurations = (
				C4FA7FB41AB7360E00527A7C /* Debug */,
				C4FA7FB51AB7360E00527A7C /* Release */,
			);
			defaultConfigurationIsVisible = 0;
		};
		C4FA7FB61AB7360E00527A7C /* Build configuration list for PBXNativeTarget "RainbowTableTests" */ = {
			isa = XCConfigurationList;
			buildConfigurations = (
				C4FA7FB71AB7360E00527A7C /* Debug */,
				C4FA7FB81AB7360E00527A7C /* Release */,
			);
			defaultConfigurationIsVisible = 0;
		};
/* End XCConfigurationList section */
	};
	rootObject = C4FA7F881AB7360D00527A7C /* Project object */;
}
